
Microsoft Visual Studio Solution File, Format Version 12.00
# Visual Studio Version 17
VisualStudioVersion = 17.8.34511.84
MinimumVisualStudioVersion = 10.0.40219.1
Project("{FAE04EC0-301F-11D3-BF4B-00C04F79EFBC}") = "WebApplicationSession1", "WebApplicationSession1\WebApplicationSession1.csproj", "{8E2158D5-368C-49E6-9D9C-B6A55B0F8802}"
EndProject
Global
	GlobalSection(SolutionConfigurationPlatforms) = preSolution
		Debug|Any CPU = Debug|Any CPU
		Release|Any CPU = Release|Any CPU
	EndGlobalSection
	GlobalSection(ProjectConfigurationPlatforms) = postSolution
		{8E2158D5-368C-49E6-9D9C-B6A55B0F8802}.Debug|Any CPU.ActiveCfg = Debug|Any CPU
		{8E2158D5-368C-49E6-9D9C-B6A55B0F8802}.Debug|Any CPU.Build.0 = Debug|Any CPU
		{8E2158D5-368C-49E6-9D9C-B6A55B0F8802}.Release|Any CPU.ActiveCfg = Release|Any CPU
		{8E2158D5-368C-49E6-9D9C-B6A55B0F8802}.Release|Any CPU.Build.0 = Release|Any CPU
	EndGlobalSection
	GlobalSection(SolutionProperties) = preSolution
		HideSolutionNode = FALSE
	EndGlobalSection
	GlobalSection(ExtensibilityGlobals) = postSolution
		SolutionGuid = {730C1AC9-5E61-4107-BBF2-13E4D15A9EA1}
	EndGlobalSection
EndGlobal
